
Microsoft Visual Studio Solution File, Format Version 12.00
# Visual Studio Version 16
VisualStudioVersion = 16.0.32602.291
MinimumVisualStudioVersion = 10.0.40219.1
Project("{9A19103F-16F7-4668-BE54-9A1E7A4F7556}") = "projeto wagner 3 bi", "projeto wagner 3 bi.csproj", "{9E3CFC07-ED59-4CAA-BC2E-F685165E96FC}"
EndProject
Global
	GlobalSection(SolutionConfigurationPlatforms) = preSolution
		Debug|Any CPU = Debug|Any CPU
		Release|Any CPU = Release|Any CPU
	EndGlobalSection
	GlobalSection(ProjectConfigurationPlatforms) = postSolution
		{9E3CFC07-ED59-4CAA-BC2E-F685165E96FC}.Debug|Any CPU.ActiveCfg = Debug|Any CPU
		{9E3CFC07-ED59-4CAA-BC2E-F685165E96FC}.Debug|Any CPU.Build.0 = Debug|Any CPU
		{9E3CFC07-ED59-4CAA-BC2E-F685165E96FC}.Release|Any CPU.ActiveCfg = Release|Any CPU
		{9E3CFC07-ED59-4CAA-BC2E-F685165E96FC}.Release|Any CPU.Build.0 = Release|Any CPU
	EndGlobalSection
	GlobalSection(SolutionProperties) = preSolution
		HideSolutionNode = FALSE
	EndGlobalSection
	GlobalSection(ExtensibilityGlobals) = postSolution
		SolutionGuid = {964C0F61-0743-41A7-B46B-8143B11A72EE}
	EndGlobalSection
EndGlobal
